// !$*UTF8*$!
{
	archiveVersion = 1;
	classes = {
	};
	objectVersion = 77;
	objects = {

/* Begin PBXBuildFile section */
		A49769B12F783D3C0001A422 /* Markdown in Frameworks */ = {isa = PBXBuildFile; productRef = A4MDV00032F783B000001A422 /* Markdown */; };
		A49769B22F783D3C0001A422 /* Sparkle in Frameworks */ = {isa = PBXBuildFile; productRef = A4MDV00042F783B000001A422 /* Sparkle */; };
		A4QL00012FA2B0000001A422 /* Markdown in Frameworks */ = {isa = PBXBuildFile; productRef = A4QL00092FA2B0000001A422 /* Markdown */; };
		A4QL00052FA2B0000001A422 /* MDVQuickLook.appex in Embed Foundation Extensions */ = {isa = PBXBuildFile; fileRef = A4QL00062FA2B0000001A422 /* MDVQuickLook.appex */; settings = {ATTRIBUTES = (RemoveHeadersOnCopy, ); }; };
/* End PBXBuildFile section */

/* Begin PBXContainerItemProxy section */
		A4QL00022FA2B0000001A422 /* PBXContainerItemProxy */ = {
			isa = PBXContainerItemProxy;
			containerPortal = A49768F62F783A110001A422 /* Project object */;
			proxyType = 1;
			remoteGlobalIDString = A4QL00032FA2B0000001A422;
			remoteInfo = MDVQuickLook;
		};
/* End PBXContainerItemProxy section */

/* Begin PBXCopyFilesBuildPhase section */
		A4QL00042FA2B0000001A422 /* Embed Foundation Extensions */ = {
			isa = PBXCopyFilesBuildPhase;
			buildActionMask = 2147483647;
			dstPath = "";
			dstSubfolderSpec = 13;
			files = (
				A4QL00052FA2B0000001A422 /* MDVQuickLook.appex in Embed Foundation Extensions */,
			);
			name = "Embed Foundation Extensions";
			runOnlyForDeploymentPostprocessing = 0;
		};
/* End PBXCopyFilesBuildPhase section */

/* Begin PBXFileReference section */
		A49768FE2F783A110001A422 /* MDV.app */ = {isa = PBXFileReference; explicitFileType = wrapper.application; includeInIndex = 0; path = MDV.app; sourceTree = BUILT_PRODUCTS_DIR; };
		A4QL00062FA2B0000001A422 /* MDVQuickLook.appex */ = {isa = PBXFileReference; explicitFileType = "wrapper.app-extension"; includeInIndex = 0; path = MDVQuickLook.appex; sourceTree = BUILT_PRODUCTS_DIR; };
/* End PBXFileReference section */

/* Begin PBXFileSystemSynchronizedBuildFileExceptionSet section */
		A4MDV00052F783B000001A422 /* Exceptions for "MDV" folder in "MDV" target */ = {
			isa = PBXFileSystemSynchronizedBuildFileExceptionSet;
			membershipExceptions = (
				Info.plist,
			);
			target = A49768FD2F783A110001A422 /* MDV */;
		};
		A4QL000A2FA2B0000001A422 /* Exceptions for "MDV" folder in "MDVQuickLook" target */ = {
			isa = PBXFileSystemSynchronizedBuildFileExceptionSet;
			membershipExceptions = (
				Info.plist,
				Assets.xcassets,
				MDVApp.swift,
				ContentView.swift,
				MarkdownDocument.swift,
				MDV.entitlements,
				SettingsView.swift,
				Editor/MarkdownEditorView.swift,
				Editor/MarkdownTextView.swift,
				Editor/GlyphManager.swift,
				Editor/TableAttachment.swift,
				Editor/TableAttachmentView.swift,
				Editor/TableOperations.swift,
				Rendering/IncrementalDetector.swift,
				Rendering/SyntaxHider.swift,
				Rendering/BlockRenderer.swift,
				TOC/ToCModel.swift,
				TOC/TableOfContentsView.swift,
				Services/UpdateChecker.swift,
			);
			target = A4QL00032FA2B0000001A422 /* MDVQuickLook */;
		};
		A4QL000B2FA2B0000001A422 /* Exceptions for "MDVQuickLook" folder in "MDV" target */ = {
			isa = PBXFileSystemSynchronizedBuildFileExceptionSet;
			membershipExceptions = (
				Info.plist,
				MDVQuickLook.entitlements,
				PreviewViewController.swift,
			);
			target = A49768FD2F783A110001A422 /* MDV */;
		};
		A4QL00122FA2B0000001A422 /* Exceptions for "MDVQuickLook" folder in "MDVQuickLook" target */ = {
			isa = PBXFileSystemSynchronizedBuildFileExceptionSet;
			membershipExceptions = (
				Info.plist,
			);
			target = A4QL00032FA2B0000001A422 /* MDVQuickLook */;
		};
/* End PBXFileSystemSynchronizedBuildFileExceptionSet section */

/* Begin PBXFileSystemSynchronizedRootGroup section */
		A49769002F783A110001A422 /* MDV */ = {
			isa = PBXFileSystemSynchronizedRootGroup;
			exceptions = (
				A4MDV00052F783B000001A422 /* Exceptions for "MDV" folder in "MDV" target */,
				A4QL000A2FA2B0000001A422 /* Exceptions for "MDV" folder in "MDVQuickLook" target */,
			);
			path = MDV;
			sourceTree = "<group>";
		};
		A4QL000C2FA2B0000001A422 /* MDVQuickLook */ = {
			isa = PBXFileSystemSynchronizedRootGroup;
			exceptions = (
				A4QL000B2FA2B0000001A422 /* Exceptions for "MDVQuickLook" folder in "MDV" target */,
				A4QL00122FA2B0000001A422 /* Exceptions for "MDVQuickLook" folder in "MDVQuickLook" target */,
			);
			path = MDVQuickLook;
			sourceTree = "<group>";
		};
/* End PBXFileSystemSynchronizedRootGroup section */

/* Begin PBXFrameworksBuildPhase section */
		A49768FB2F783A110001A422 /* Frameworks */ = {
			isa = PBXFrameworksBuildPhase;
			buildActionMask = 2147483647;
			files = (
				A49769B22F783D3C0001A422 /* Sparkle in Frameworks */,
				A49769B12F783D3C0001A422 /* Markdown in Frameworks */,
			);
			runOnlyForDeploymentPostprocessing = 0;
		};
		A4QL00072FA2B0000001A422 /* Frameworks */ = {
			isa = PBXFrameworksBuildPhase;
			buildActionMask = 2147483647;
			files = (
				A4QL00012FA2B0000001A422 /* Markdown in Frameworks */,
			);
			runOnlyForDeploymentPostprocessing = 0;
		};
/* End PBXFrameworksBuildPhase section */

/* Begin PBXGroup section */
		A49768F52F783A110001A422 = {
			isa = PBXGroup;
			children = (
				A49769002F783A110001A422 /* MDV */,
				A4QL000C2FA2B0000001A422 /* MDVQuickLook */,
				A49768FF2F783A110001A422 /* Products */,
			);
			sourceTree = "<group>";
		};
		A49768FF2F783A110001A422 /* Products */ = {
			isa = PBXGroup;
			children = (
				A49768FE2F783A110001A422 /* MDV.app */,
				A4QL00062FA2B0000001A422 /* MDVQuickLook.appex */,
			);
			name = Products;
			sourceTree = "<group>";
		};
/* End PBXGroup section */

/* Begin PBXNativeTarget section */
		A49768FD2F783A110001A422 /* MDV */ = {
			isa = PBXNativeTarget;
			buildConfigurationList = A49769092F783A120001A422 /* Build configuration list for PBXNativeTarget "MDV" */;
			buildPhases = (
				A49768FA2F783A110001A422 /* Sources */,
				A49768FB2F783A110001A422 /* Frameworks */,
				A49768FC2F783A110001A422 /* Resources */,
				A4QL00042FA2B0000001A422 /* Embed Foundation Extensions */,
			);
			buildRules = (
			);
			dependencies = (
				A4QL00082FA2B0000001A422 /* PBXTargetDependency */,
			);
			fileSystemSynchronizedGroups = (
				A49769002F783A110001A422 /* MDV */,
				A4QL000C2FA2B0000001A422 /* MDVQuickLook */,
			);
			name = MDV;
			packageProductDependencies = (
				A4MDV00032F783B000001A422 /* Markdown */,
				A4MDV00042F783B000001A422 /* Sparkle */,
			);
			productName = MDV;
			productReference = A49768FE2F783A110001A422 /* MDV.app */;
			productType = "com.apple.product-type.application";
		};
		A4QL00032FA2B0000001A422 /* MDVQuickLook */ = {
			isa = PBXNativeTarget;
			buildConfigurationList = A4QL000D2FA2B0000001A422 /* Build configuration list for PBXNativeTarget "MDVQuickLook" */;
			buildPhases = (
				A4QL000E2FA2B0000001A422 /* Sources */,
				A4QL00072FA2B0000001A422 /* Frameworks */,
				A4QL000F2FA2B0000001A422 /* Resources */,
			);
			buildRules = (
			);
			dependencies = (
			);
			fileSystemSynchronizedGroups = (
				A49769002F783A110001A422 /* MDV */,
				A4QL000C2FA2B0000001A422 /* MDVQuickLook */,
			);
			name = MDVQuickLook;
			packageProductDependencies = (
				A4QL00092FA2B0000001A422 /* Markdown */,
			);
			productName = MDVQuickLook;
			productReference = A4QL00062FA2B0000001A422 /* MDVQuickLook.appex */;
			productType = "com.apple.product-type.app-extension";
		};
/* End PBXNativeTarget section */

/* Begin PBXProject section */
		A49768F62F783A110001A422 /* Project object */ = {
			isa = PBXProject;
			attributes = {
				BuildIndependentTargetsInParallel = 1;
				LastSwiftUpdateCheck = 2630;
				LastUpgradeCheck = 2630;
				TargetAttributes = {
					A49768FD2F783A110001A422 = {
						CreatedOnToolsVersion = 26.3;
					};
					A4QL00032FA2B0000001A422 = {
						CreatedOnToolsVersion = 26.3;
					};
				};
			};
			buildConfigurationList = A49768F92F783A110001A422 /* Build configuration list for PBXProject "MDV" */;
			developmentRegion = en;
			hasScannedForEncodings = 0;
			knownRegions = (
				en,
				Base,
			);
			mainGroup = A49768F52F783A110001A422;
			minimizedProjectReferenceProxies = 1;
			packageReferences = (
				A4MDV00012F783B000001A422 /* XCRemoteSwiftPackageReference "swift-markdown" */,
				A4MDV00022F783B000001A422 /* XCRemoteSwiftPackageReference "Sparkle" */,
			);
			preferredProjectObjectVersion = 77;
			productRefGroup = A49768FF2F783A110001A422 /* Products */;
			projectDirPath = "";
			projectRoot = "";
			targets = (
				A49768FD2F783A110001A422 /* MDV */,
				A4QL00032FA2B0000001A422 /* MDVQuickLook */,
			);
		};
/* End PBXProject section */

/* Begin PBXResourcesBuildPhase section */
		A49768FC2F783A110001A422 /* Resources */ = {
			isa = PBXResourcesBuildPhase;
			buildActionMask = 2147483647;
			files = (
			);
			runOnlyForDeploymentPostprocessing = 0;
		};
		A4QL000F2FA2B0000001A422 /* Resources */ = {
			isa = PBXResourcesBuildPhase;
			buildActionMask = 2147483647;
			files = (
			);
			runOnlyForDeploymentPostprocessing = 0;
		};
/* End PBXResourcesBuildPhase section */

/* Begin PBXSourcesBuildPhase section */
		A49768FA2F783A110001A422 /* Sources */ = {
			isa = PBXSourcesBuildPhase;
			buildActionMask = 2147483647;
			files = (
			);
			runOnlyForDeploymentPostprocessing = 0;
		};
		A4QL000E2FA2B0000001A422 /* Sources */ = {
			isa = PBXSourcesBuildPhase;
			buildActionMask = 2147483647;
			files = (
			);
			runOnlyForDeploymentPostprocessing = 0;
		};
/* End PBXSourcesBuildPhase section */

/* Begin PBXTargetDependency section */
		A4QL00082FA2B0000001A422 /* PBXTargetDependency */ = {
			isa = PBXTargetDependency;
			target = A4QL00032FA2B0000001A422 /* MDVQuickLook */;
			targetProxy = A4QL00022FA2B0000001A422 /* PBXContainerItemProxy */;
		};
/* End PBXTargetDependency section */

/* Begin XCBuildConfiguration section */
		A49769072F783A120001A422 /* Debug */ = {
			isa = XCBuildConfiguration;
			buildSettings = {
				ALWAYS_SEARCH_USER_PATHS = NO;
				ASSETCATALOG_COMPILER_GENERATE_SWIFT_ASSET_SYMBOL_EXTENSIONS = YES;
				CLANG_ANALYZER_NONNULL = YES;
				CLANG_ANALYZER_NUMBER_OBJECT_CONVERSION = YES_AGGRESSIVE;
				CLANG_CXX_LANGUAGE_STANDARD = "gnu++20";
				CLANG_ENABLE_MODULES = YES;
				CLANG_ENABLE_OBJC_ARC = YES;
				CLANG_ENABLE_OBJC_WEAK = YES;
				CLANG_WARN_BLOCK_CAPTURE_AUTORELEASING = YES;
				CLANG_WARN_BOOL_CONVERSION = YES;
				CLANG_WARN_COMMA = YES;
				CLANG_WARN_CONSTANT_CONVERSION = YES;
				CLANG_WARN_DEPRECATED_OBJC_IMPLEMENTATIONS = YES;
				CLANG_WARN_DIRECT_OBJC_ISA_USAGE = YES_ERROR;
				CLANG_WARN_DOCUMENTATION_COMMENTS = YES;
				CLANG_WARN_EMPTY_BODY = YES;
				CLANG_WARN_ENUM_CONVERSION = YES;
				CLANG_WARN_INFINITE_RECURSION = YES;
				CLANG_WARN_INT_CONVERSION = YES;
				CLANG_WARN_NON_LITERAL_NULL_CONVERSION = YES;
				CLANG_WARN_OBJC_IMPLICIT_RETAIN_SELF = YES;
				CLANG_WARN_OBJC_LITERAL_CONVERSION = YES;
				CLANG_WARN_OBJC_ROOT_CLASS = YES_ERROR;
				CLANG_WARN_QUOTED_INCLUDE_IN_FRAMEWORK_HEADER = YES;
				CLANG_WARN_RANGE_LOOP_ANALYSIS = YES;
				CLANG_WARN_STRICT_PROTOTYPES = YES;
				CLANG_WARN_SUSPICIOUS_MOVE = YES;
				CLANG_WARN_UNGUARDED_AVAILABILITY = YES_AGGRESSIVE;
				CLANG_WARN_UNREACHABLE_CODE = YES;
				CLANG_WARN__DUPLICATE_METHOD_MATCH = YES;
				COPY_PHASE_STRIP = NO;
				DEBUG_INFORMATION_FORMAT = dwarf;
				DEVELOPMENT_TEAM = C5VZ9848T6;
				ENABLE_STRICT_OBJC_MSGSEND = YES;
				ENABLE_TESTABILITY = YES;
				ENABLE_USER_SCRIPT_SANDBOXING = YES;
				GCC_C_LANGUAGE_STANDARD = gnu17;
				GCC_DYNAMIC_NO_PIC = NO;
				GCC_NO_COMMON_BLOCKS = YES;
				GCC_OPTIMIZATION_LEVEL = 0;
				GCC_PREPROCESSOR_DEFINITIONS = (
					"DEBUG=1",
					"$(inherited)",
				);
				GCC_WARN_64_TO_32_BIT_CONVERSION = YES;
				GCC_WARN_ABOUT_RETURN_TYPE = YES_ERROR;
				GCC_WARN_UNDECLARED_SELECTOR = YES;
				GCC_WARN_UNINITIALIZED_AUTOS = YES_AGGRESSIVE;
				GCC_WARN_UNUSED_FUNCTION = YES;
				GCC_WARN_UNUSED_VARIABLE = YES;
				LOCALIZATION_PREFERS_STRING_CATALOGS = YES;
				MACOSX_DEPLOYMENT_TARGET = 14.0;
				MTL_ENABLE_DEBUG_INFO = INCLUDE_SOURCE;
				MTL_FAST_MATH = YES;
				ONLY_ACTIVE_ARCH = YES;
				SDKROOT = macosx;
				SWIFT_ACTIVE_COMPILATION_CONDITIONS = "DEBUG $(inherited)";
				SWIFT_OPTIMIZATION_LEVEL = "-Onone";
			};
			name = Debug;
		};
		A49769082F783A120001A422 /* Release */ = {
			isa = XCBuildConfiguration;
			buildSettings = {
				ALWAYS_SEARCH_USER_PATHS = NO;
				ASSETCATALOG_COMPILER_GENERATE_SWIFT_ASSET_SYMBOL_EXTENSIONS = YES;
				CLANG_ANALYZER_NONNULL = YES;
				CLANG_ANALYZER_NUMBER_OBJECT_CONVERSION = YES_AGGRESSIVE;
				CLANG_CXX_LANGUAGE_STANDARD = "gnu++20";
				CLANG_ENABLE_MODULES = YES;
				CLANG_ENABLE_OBJC_ARC = YES;
				CLANG_ENABLE_OBJC_WEAK = YES;
				CLANG_WARN_BLOCK_CAPTURE_AUTORELEASING = YES;
				CLANG_WARN_BOOL_CONVERSION = YES;
				CLANG_WARN_COMMA = YES;
				CLANG_WARN_CONSTANT_CONVERSION = YES;
				CLANG_WARN_DEPRECATED_OBJC_IMPLEMENTATIONS = YES;
				CLANG_WARN_DIRECT_OBJC_ISA_USAGE = YES_ERROR;
				CLANG_WARN_DOCUMENTATION_COMMENTS = YES;
				CLANG_WARN_EMPTY_BODY = YES;
				CLANG_WARN_ENUM_CONVERSION = YES;
				CLANG_WARN_INFINITE_RECURSION = YES;
				CLANG_WARN_INT_CONVERSION = YES;
				CLANG_WARN_NON_LITERAL_NULL_CONVERSION = YES;
				CLANG_WARN_OBJC_IMPLICIT_RETAIN_SELF = YES;
				CLANG_WARN_OBJC_LITERAL_CONVERSION = YES;
				CLANG_WARN_OBJC_ROOT_CLASS = YES_ERROR;
				CLANG_WARN_QUOTED_INCLUDE_IN_FRAMEWORK_HEADER = YES;
				CLANG_WARN_RANGE_LOOP_ANALYSIS = YES;
				CLANG_WARN_STRICT_PROTOTYPES = YES;
				CLANG_WARN_SUSPICIOUS_MOVE = YES;
				CLANG_WARN_UNGUARDED_AVAILABILITY = YES_AGGRESSIVE;
				CLANG_WARN_UNREACHABLE_CODE = YES;
				CLANG_WARN__DUPLICATE_METHOD_MATCH = YES;
				COPY_PHASE_STRIP = NO;
				DEBUG_INFORMATION_FORMAT = "dwarf-with-dsym";
				DEVELOPMENT_TEAM = C5VZ9848T6;
				ENABLE_NS_ASSERTIONS = NO;
				ENABLE_STRICT_OBJC_MSGSEND = YES;
				ENABLE_USER_SCRIPT_SANDBOXING = YES;
				GCC_C_LANGUAGE_STANDARD = gnu17;
				GCC_NO_COMMON_BLOCKS = YES;
				GCC_WARN_64_TO_32_BIT_CONVERSION = YES;
				GCC_WARN_ABOUT_RETURN_TYPE = YES_ERROR;
				GCC_WARN_UNDECLARED_SELECTOR = YES;
				GCC_WARN_UNINITIALIZED_AUTOS = YES_AGGRESSIVE;
				GCC_WARN_UNUSED_FUNCTION = YES;
				GCC_WARN_UNUSED_VARIABLE = YES;
				LOCALIZATION_PREFERS_STRING_CATALOGS = YES;
				MACOSX_DEPLOYMENT_TARGET = 14.0;
				MTL_ENABLE_DEBUG_INFO = NO;
				MTL_FAST_MATH = YES;
				SDKROOT = macosx;
				SWIFT_COMPILATION_MODE = wholemodule;
			};
			name = Release;
		};
		A497690A2F783A120001A422 /* Debug */ = {
			isa = XCBuildConfiguration;
			buildSettings = {
				ASSETCATALOG_COMPILER_APPICON_NAME = AppIcon;
				ASSETCATALOG_COMPILER_GLOBAL_ACCENT_COLOR_NAME = AccentColor;
				ASSETCATALOG_COMPILER_INCLUDE_ALL_APPICON_ASSETS = YES;
				CODE_SIGN_ENTITLEMENTS = MDV/MDV.entitlements;
				CODE_SIGN_STYLE = Automatic;
				COMBINE_HIDPI_IMAGES = YES;
				CURRENT_PROJECT_VERSION = 3;
				DEVELOPMENT_TEAM = C5VZ9848T6;
				ENABLE_APP_SANDBOX = NO;
				ENABLE_HARDENED_RUNTIME = YES;
				ENABLE_OUTGOING_NETWORK_CONNECTIONS = YES;
				ENABLE_PREVIEWS = YES;
				ENABLE_USER_SELECTED_FILES = readwrite;
				GENERATE_INFOPLIST_FILE = YES;
				INFOPLIST_FILE = MDV/Info.plist;
				INFOPLIST_KEY_NSHumanReadableCopyright = "";
				LD_RUNPATH_SEARCH_PATHS = (
					"$(inherited)",
					"@executable_path/../Frameworks",
				);
				MARKETING_VERSION = 1.2;
				PRODUCT_BUNDLE_IDENTIFIER = Kryptic.MDV;
				PRODUCT_NAME = "$(TARGET_NAME)";
				REGISTER_APP_GROUPS = YES;
				STRING_CATALOG_GENERATE_SYMBOLS = YES;
				SWIFT_APPROACHABLE_CONCURRENCY = YES;
				SWIFT_DEFAULT_ACTOR_ISOLATION = MainActor;
				SWIFT_EMIT_LOC_STRINGS = YES;
				SWIFT_UPCOMING_FEATURE_MEMBER_IMPORT_VISIBILITY = YES;
				SWIFT_VERSION = 5.0;
			};
			name = Debug;
		};
		A497690B2F783A120001A422 /* Release */ = {
			isa = XCBuildConfiguration;
			buildSettings = {
				ASSETCATALOG_COMPILER_APPICON_NAME = AppIcon;
				ASSETCATALOG_COMPILER_GLOBAL_ACCENT_COLOR_NAME = AccentColor;
				ASSETCATALOG_COMPILER_INCLUDE_ALL_APPICON_ASSETS = YES;
				CODE_SIGN_ENTITLEMENTS = MDV/MDV.entitlements;
				CODE_SIGN_STYLE = Automatic;
				COMBINE_HIDPI_IMAGES = YES;
				CURRENT_PROJECT_VERSION = 3;
				DEVELOPMENT_TEAM = C5VZ9848T6;
				ENABLE_APP_SANDBOX = NO;
				ENABLE_HARDENED_RUNTIME = YES;
				ENABLE_OUTGOING_NETWORK_CONNECTIONS = YES;
				ENABLE_PREVIEWS = YES;
				ENABLE_USER_SELECTED_FILES = readwrite;
				GENERATE_INFOPLIST_FILE = YES;
				INFOPLIST_FILE = MDV/Info.plist;
				INFOPLIST_KEY_NSHumanReadableCopyright = "";
				LD_RUNPATH_SEARCH_PATHS = (
					"$(inherited)",
					"@executable_path/../Frameworks",
				);
				MARKETING_VERSION = 1.2;
				PRODUCT_BUNDLE_IDENTIFIER = Kryptic.MDV;
				PRODUCT_NAME = "$(TARGET_NAME)";
				REGISTER_APP_GROUPS = YES;
				STRING_CATALOG_GENERATE_SYMBOLS = YES;
				SWIFT_APPROACHABLE_CONCURRENCY = YES;
				SWIFT_DEFAULT_ACTOR_ISOLATION = MainActor;
				SWIFT_EMIT_LOC_STRINGS = YES;
				SWIFT_UPCOMING_FEATURE_MEMBER_IMPORT_VISIBILITY = YES;
				SWIFT_VERSION = 5.0;
			};
			name = Release;
		};
		A4QL00102FA2B0000001A422 /* Debug */ = {
			isa = XCBuildConfiguration;
			buildSettings = {
				CODE_SIGN_ENTITLEMENTS = MDVQuickLook/MDVQuickLook.entitlements;
				CODE_SIGN_STYLE = Automatic;
				CURRENT_PROJECT_VERSION = 3;
				DEVELOPMENT_TEAM = C5VZ9848T6;
				ENABLE_APP_SANDBOX = YES;
				ENABLE_HARDENED_RUNTIME = YES;
				GENERATE_INFOPLIST_FILE = YES;
				INFOPLIST_FILE = MDVQuickLook/Info.plist;
				INFOPLIST_KEY_CFBundleDisplayName = "MDV Quick Look";
				INFOPLIST_KEY_NSHumanReadableCopyright = "";
				LD_RUNPATH_SEARCH_PATHS = (
					"$(inherited)",
					"@executable_path/../Frameworks",
					"@executable_path/../../../../Frameworks",
				);
				MARKETING_VERSION = 1.2;
				PRODUCT_BUNDLE_IDENTIFIER = Kryptic.MDV.MDVQuickLook;
				PRODUCT_NAME = "$(TARGET_NAME)";
				SKIP_INSTALL = YES;
				SWIFT_APPROACHABLE_CONCURRENCY = YES;
				SWIFT_DEFAULT_ACTOR_ISOLATION = MainActor;
				SWIFT_EMIT_LOC_STRINGS = YES;
				SWIFT_UPCOMING_FEATURE_MEMBER_IMPORT_VISIBILITY = YES;
				SWIFT_VERSION = 5.0;
			};
			name = Debug;
		};
		A4QL00112FA2B0000001A422 /* Release */ = {
			isa = XCBuildConfiguration;
			buildSettings = {
				CODE_SIGN_ENTITLEMENTS = MDVQuickLook/MDVQuickLook.entitlements;
				CODE_SIGN_STYLE = Automatic;
				CURRENT_PROJECT_VERSION = 3;
				DEVELOPMENT_TEAM = C5VZ9848T6;
				ENABLE_APP_SANDBOX = YES;
				ENABLE_HARDENED_RUNTIME = YES;
				GENERATE_INFOPLIST_FILE = YES;
				INFOPLIST_FILE = MDVQuickLook/Info.plist;
				INFOPLIST_KEY_CFBundleDisplayName = "MDV Quick Look";
				INFOPLIST_KEY_NSHumanReadableCopyright = "";
				LD_RUNPATH_SEARCH_PATHS = (
					"$(inherited)",
					"@executable_path/../Frameworks",
					"@executable_path/../../../../Frameworks",
				);
				MARKETING_VERSION = 1.2;
				PRODUCT_BUNDLE_IDENTIFIER = Kryptic.MDV.MDVQuickLook;
				PRODUCT_NAME = "$(TARGET_NAME)";
				SKIP_INSTALL = YES;
				SWIFT_APPROACHABLE_CONCURRENCY = YES;
				SWIFT_DEFAULT_ACTOR_ISOLATION = MainActor;
				SWIFT_EMIT_LOC_STRINGS = YES;
				SWIFT_UPCOMING_FEATURE_MEMBER_IMPORT_VISIBILITY = YES;
				SWIFT_VERSION = 5.0;
			};
			name = Release;
		};
/* End XCBuildConfiguration section */

/* Begin XCConfigurationList section */
		A49768F92F783A110001A422 /* Build configuration list for PBXProject "MDV" */ = {
			isa = XCConfigurationList;
			buildConfigurations = (
				A49769072F783A120001A422 /* Debug */,
				A49769082F783A120001A422 /* Release */,
			);
			defaultConfigurationIsVisible = 0;
			defaultConfigurationName = Release;
		};
		A49769092F783A120001A422 /* Build configuration list for PBXNativeTarget "MDV" */ = {
			isa = XCConfigurationList;
			buildConfigurations = (
				A497690A2F783A120001A422 /* Debug */,
				A497690B2F783A120001A422 /* Release */,
			);
			defaultConfigurationIsVisible = 0;
			defaultConfigurationName = Release;
		};
		A4QL000D2FA2B0000001A422 /* Build configuration list for PBXNativeTarget "MDVQuickLook" */ = {
			isa = XCConfigurationList;
			buildConfigurations = (
				A4QL00102FA2B0000001A422 /* Debug */,
				A4QL00112FA2B0000001A422 /* Release */,
			);
			defaultConfigurationIsVisible = 0;
			defaultConfigurationName = Release;
		};
/* End XCConfigurationList section */

/* Begin XCRemoteSwiftPackageReference section */
		A4MDV00012F783B000001A422 /* XCRemoteSwiftPackageReference "swift-markdown" */ = {
			isa = XCRemoteSwiftPackageReference;
			repositoryURL = "https://github.com/swiftlang/swift-markdown.git";
			requirement = {
				kind = upToNextMajorVersion;
				minimumVersion = 0.4.0;
			};
		};
		A4MDV00022F783B000001A422 /* XCRemoteSwiftPackageReference "Sparkle" */ = {
			isa = XCRemoteSwiftPackageReference;
			repositoryURL = "https://github.com/sparkle-project/Sparkle.git";
			requirement = {
				kind = upToNextMajorVersion;
				minimumVersion = 2.0.0;
			};
		};
/* End XCRemoteSwiftPackageReference section */

/* Begin XCSwiftPackageProductDependency section */
		A4MDV00032F783B000001A422 /* Markdown */ = {
			isa = XCSwiftPackageProductDependency;
			package = A4MDV00012F783B000001A422 /* XCRemoteSwiftPackageReference "swift-markdown" */;
			productName = Markdown;
		};
		A4MDV00042F783B000001A422 /* Sparkle */ = {
			isa = XCSwiftPackageProductDependency;
			package = A4MDV00022F783B000001A422 /* XCRemoteSwiftPackageReference "Sparkle" */;
			productName = Sparkle;
		};
		A4QL00092FA2B0000001A422 /* Markdown */ = {
			isa = XCSwiftPackageProductDependency;
			package = A4MDV00012F783B000001A422 /* XCRemoteSwiftPackageReference "swift-markdown" */;
			productName = Markdown;
		};
/* End XCSwiftPackageProductDependency section */
	};
	rootObject = A49768F62F783A110001A422 /* Project object */;
}
